
Microsoft Visual Studio Solution File, Format Version 12.00
# Visual Studio Version 16
VisualStudioVersion = 16.0.30907.101
MinimumVisualStudioVersion = 10.0.40219.1
Project("{FAE04EC0-301F-11D3-BF4B-00C04F79EFBC}") = "Blogs", "Blogs\Blogs.csproj", "{275DD9D4-5341-41CB-847C-6FC4D4D79AB2}"
EndProject
Project("{FAE04EC0-301F-11D3-BF4B-00C04F79EFBC}") = "Models", "Models\Models.csproj", "{9F8D0F9A-0319-48A9-854E-1D8A91F50E2F}"
EndProject
Global
	GlobalSection(SolutionConfigurationPlatforms) = preSolution
		Debug|Any CPU = Debug|Any CPU
		Release|Any CPU = Release|Any CPU
	EndGlobalSection
	GlobalSection(ProjectConfigurationPlatforms) = postSolution
		{275DD9D4-5341-41CB-847C-6FC4D4D79AB2}.Debug|Any CPU.ActiveCfg = Debug|Any CPU
		{275DD9D4-5341-41CB-847C-6FC4D4D79AB2}.Debug|Any CPU.Build.0 = Debug|Any CPU
		{275DD9D4-5341-41CB-847C-6FC4D4D79AB2}.Release|Any CPU.ActiveCfg = Release|Any CPU
		{275DD9D4-5341-41CB-847C-6FC4D4D79AB2}.Release|Any CPU.Build.0 = Release|Any CPU
		{9F8D0F9A-0319-48A9-854E-1D8A91F50E2F}.Debug|Any CPU.ActiveCfg = Debug|Any CPU
		{9F8D0F9A-0319-48A9-854E-1D8A91F50E2F}.Debug|Any CPU.Build.0 = Debug|Any CPU
		{9F8D0F9A-0319-48A9-854E-1D8A91F50E2F}.Release|Any CPU.ActiveCfg = Release|Any CPU
		{9F8D0F9A-0319-48A9-854E-1D8A91F50E2F}.Release|Any CPU.Build.0 = Release|Any CPU
	EndGlobalSection
	GlobalSection(SolutionProperties) = preSolution
		HideSolutionNode = FALSE
	EndGlobalSection
	GlobalSection(ExtensibilityGlobals) = postSolution
		SolutionGuid = {183554FA-E9D2-4572-BAB7-B9A76C4598B7}
	EndGlobalSection
EndGlobal
